
Microsoft Visual Studio Solution File, Format Version 12.00
# Visual Studio Version 17
VisualStudioVersion = 17.2.32630.192
MinimumVisualStudioVersion = 10.0.40219.1
Project("{FAE04EC0-301F-11D3-BF4B-00C04F79EFBC}") = "MyWebApplication", "MyWebApplication\MyWebApplication.csproj", "{72521522-159B-4F5A-9F1D-B381B0562AF3}"
EndProject
Project("{2150E333-8FDC-42A3-9474-1A3956D46DE8}") = "Solution Items", "Solution Items", "{A61A3D9B-09A9-4A91-AF2E-1FDA279CDC39}"
EndProject
Global
	GlobalSection(SolutionConfigurationPlatforms) = preSolution
		Debug|Any CPU = Debug|Any CPU
		Release|Any CPU = Release|Any CPU
	EndGlobalSection
	GlobalSection(ProjectConfigurationPlatforms) = postSolution
		{72521522-159B-4F5A-9F1D-B381B0562AF3}.Debug|Any CPU.ActiveCfg = Debug|Any CPU
		{72521522-159B-4F5A-9F1D-B381B0562AF3}.Debug|Any CPU.Build.0 = Debug|Any CPU
		{72521522-159B-4F5A-9F1D-B381B0562AF3}.Release|Any CPU.ActiveCfg = Release|Any CPU
		{72521522-159B-4F5A-9F1D-B381B0562AF3}.Release|Any CPU.Build.0 = Release|Any CPU
	EndGlobalSection
	GlobalSection(SolutionProperties) = preSolution
		HideSolutionNode = FALSE
	EndGlobalSection
	GlobalSection(ExtensibilityGlobals) = postSolution
		SolutionGuid = {9494AFC6-0E63-4E8E-8836-C2E9A28084BA}
	EndGlobalSection
EndGlobal
